// !$*UTF8*$!
{
	archiveVersion = 1;
	classes = {
	};
	objectVersion = 46;
	objects = {

/* Begin PBXBuildFile section */
		8677CC881D9378E000347001 /* AppDelegate.swift in Sources */ = {isa = PBXBuildFile; fileRef = 8677CC871D9378E000347001 /* AppDelegate.swift */; };
		8677CC8A1D9378E000347001 /* ViewController.swift in Sources */ = {isa = PBXBuildFile; fileRef = 8677CC891D9378E000347001 /* ViewController.swift */; };
		8677CC8D1D9378E000347001 /* Main.storyboard in Resources */ = {isa = PBXBuildFile; fileRef = 8677CC8B1D9378E000347001 /* Main.storyboard */; };
		8677CC8F1D9378E000347001 /* Assets.xcassets in Resources */ = {isa = PBXBuildFile; fileRef = 8677CC8E1D9378E000347001 /* Assets.xcassets */; };
		8677CC921D9378E000347001 /* LaunchScreen.storyboard in Resources */ = {isa = PBXBuildFile; fileRef = 8677CC901D9378E000347001 /* LaunchScreen.storyboard */; };
/* End PBXBuildFile section */

/* Begin PBXFileReference section */
		8677CC841D9378E000347001 /* TipCalculator03.app */ = {isa = PBXFileReference; explicitFileType = wrapper.application; includeInIndex = 0; path = TipCalculator03.app; sourceTree = BUILT_PRODUCTS_DIR; };
		8677CC871D9378E000347001 /* AppDelegate.swift */ = {isa = PBXFileReference; lastKnownFileType = sourcecode.swift; path = AppDelegate.swift; sourceTree = "<group>"; };
		8677CC891D9378E000347001 /* ViewController.swift */ = {isa = PBXFileReference; lastKnownFileType = sourcecode.swift; path = ViewController.swift; sourceTree = "<group>"; };
		8677CC8C1D9378E000347001 /* Base */ = {isa = PBXFileReference; lastKnownFileType = file.storyboard; name = Base; path = Base.lproj/Main.storyboard; sourceTree = "<group>"; };
		8677CC8E1D9378E000347001 /* Assets.xcassets */ = {isa = PBXFileReference; lastKnownFileType = folder.assetcatalog; path = Assets.xcassets; sourceTree = "<group>"; };
		8677CC911D9378E000347001 /* Base */ = {isa = PBXFileReference; lastKnownFileType = file.storyboard; name = Base; path = Base.lproj/LaunchScreen.storyboard; sourceTree = "<group>"; };
		8677CC931D9378E000347001 /* Info.plist */ = {isa = PBXFileReference; lastKnownFileType = text.plist.xml; path = Info.plist; sourceTree = "<group>"; };
/* End PBXFileReference section */

/* Begin PBXFrameworksBuildPhase section */
		8677CC811D9378DF00347001 /* Frameworks */ = {
			isa = PBXFrameworksBuildPhase;
			buildActionMask = 2147483647;
			files = (
			);
			runOnlyForDeploymentPostprocessing = 0;
		};
/* End PBXFrameworksBuildPhase section */

/* Begin PBXGroup section */
		8677CC7B1D9378DF00347001 = {
			isa = PBXGroup;
			children = (
				8677CC861D9378E000347001 /* TipCalculator03 */,
				8677CC851D9378E000347001 /* Products */,
			);
			sourceTree = "<group>";
		};
		8677CC851D9378E000347001 /* Products */ = {
			isa = PBXGroup;
			children = (
				8677CC841D9378E000347001 /* TipCalculator03.app */,
			);
			name = Products;
			sourceTree = "<group>";
		};
		8677CC861D9378E000347001 /* TipCalculator03 */ = {
			isa = PBXGroup;
			children = (
				8677CC871D9378E000347001 /* AppDelegate.swift */,
				8677CC891D9378E000347001 /* ViewController.swift */,
				8677CC8B1D9378E000347001 /* Main.storyboard */,
				8677CC8E1D9378E000347001 /* Assets.xcassets */,
				8677CC901D9378E000347001 /* LaunchScreen.storyboard */,
				8677CC931D9378E000347001 /* Info.plist */,
			);
			path = TipCalculator03;
			sourceTree = "<group>";
		};
/* End PBXGroup section */

/* Begin PBXNativeTarget section */
		8677CC831D9378DF00347001 /* TipCalculator03 */ = {
			isa = PBXNativeTarget;
			buildConfigurationList = 8677CC961D9378E000347001 /* Build configuration list for PBXNativeTarget "TipCalculator03" */;
			buildPhases = (
				8677CC801D9378DF00347001 /* Sources */,
				8677CC811D9378DF00347001 /* Frameworks */,
				8677CC821D9378DF00347001 /* Resources */,
			);
			buildRules = (
			);
			dependencies = (
			);
			name = TipCalculator03;
			productName = TipCalculator03;
			productReference = 8677CC841D9378E000347001 /* TipCalculator03.app */;
			productType = "com.apple.product-type.application";
		};
/* End PBXNativeTarget section */

/* Begin PBXProject section */
		8677CC7C1D9378DF00347001 /* Project object */ = {
			isa = PBXProject;
			attributes = {
				LastSwiftUpdateCheck = 0800;
				LastUpgradeCheck = 0800;
				ORGANIZATIONNAME = "Jairo Avalos";
				TargetAttributes = {
					8677CC831D9378DF00347001 = {
						CreatedOnToolsVersion = 8.0;
						DevelopmentTeam = E4CD6YW9A8;
						ProvisioningStyle = Automatic;
					};
				};
			};
			buildConfigurationList = 8677CC7F1D9378DF00347001 /* Build configuration list for PBXProject "TipCalculator03" */;
			compatibilityVersion = "Xcode 3.2";
			developmentRegion = English;
			hasScannedForEncodings = 0;
			knownRegions = (
				en,
				Base,
			);
			mainGroup = 8677CC7B1D9378DF00347001;
			productRefGroup = 8677CC851D9378E000347001 /* Products */;
			projectDirPath = "";
			projectRoot = "";
			targets = (
				8677CC831D9378DF00347001 /* TipCalculator03 */,
			);
		};
/* End PBXProject section */

/* Begin PBXResourcesBuildPhase section */
		8677CC821D9378DF00347001 /* Resources */ = {
			isa = PBXResourcesBuildPhase;
			buildActionMask = 2147483647;
			files = (
				8677CC921D9378E000347001 /* LaunchScreen.storyboard in Resources */,
				8677CC8F1D9378E000347001 /* Assets.xcassets in Resources */,
				8677CC8D1D9378E000347001 /* Main.storyboard in Resources */,
			);
			runOnlyForDeploymentPostprocessing = 0;
		};
/* End PBXResourcesBuildPhase section */

/* Begin PBXSourcesBuildPhase section */
		8677CC801D9378DF00347001 /* Sources */ = {
			isa = PBXSourcesBuildPhase;
			buildActionMask = 2147483647;
			files = (
				8677CC8A1D9378E000347001 /* ViewController.swift in Sources */,
				8677CC881D9378E000347001 /* AppDelegate.swift in Sources */,
			);
			runOnlyForDeploymentPostprocessing = 0;
		};
/* End PBXSourcesBuildPhase section */

/* Begin PBXVariantGroup section */
		8677CC8B1D9378E000347001 /* Main.storyboard */ = {
			isa = PBXVariantGroup;
			children = (
				8677CC8C1D9378E000347001 /* Base */,
			);
			name = Main.storyboard;
			sourceTree = "<group>";
		};
		8677CC901D9378E000347001 /* LaunchScreen.storyboard */ = {
			isa = PBXVariantGroup;
			children = (
				8677CC911D9378E000347001 /* Base */,
			);
			name = LaunchScreen.storyboard;
			sourceTree = "<group>";
		};
/* End PBXVariantGroup section */

/* Begin XCBuildConfiguration section */
		8677CC941D9378E000347001 /* Debug */ = {
			isa = XCBuildConfiguration;
			buildSettings = {
				ALWAYS_SEARCH_USER_PATHS = NO;
				CLANG_ANALYZER_NONNULL = YES;
				CLANG_CXX_LANGUAGE_STANDARD = "gnu++0x";
				CLANG_CXX_LIBRARY = "libc++";
				CLANG_ENABLE_MODULES = YES;
				CLANG_ENABLE_OBJC_ARC = YES;
				CLANG_WARN_BOOL_CONVERSION = YES;
				CLANG_WARN_CONSTANT_CONVERSION = YES;
				CLANG_WARN_DIRECT_OBJC_ISA_USAGE = YES_ERROR;
				CLANG_WARN_DOCUMENTATION_COMMENTS = YES;
				CLANG_WARN_EMPTY_BODY = YES;
				CLANG_WARN_ENUM_CONVERSION = YES;
				CLANG_WARN_INFINITE_RECURSION = YES;
				CLANG_WARN_INT_CONVERSION = YES;
				CLANG_WARN_OBJC_ROOT_CLASS = YES_ERROR;
				CLANG_WARN_SUSPICIOUS_MOVES = YES;
				CLANG_WARN_UNREACHABLE_CODE = YES;
				CLANG_WARN__DUPLICATE_METHOD_MATCH = YES;
				"CODE_SIGN_IDENTITY[sdk=iphoneos*]" = "iPhone Developer";
				COPY_PHASE_STRIP = NO;
				DEBUG_INFORMATION_FORMAT = dwarf;
				ENABLE_STRICT_OBJC_MSGSEND = YES;
				ENABLE_TESTABILITY = YES;
				GCC_C_LANGUAGE_STANDARD = gnu99;
				GCC_DYNAMIC_NO_PIC = NO;
				GCC_NO_COMMON_BLOCKS = YES;
				GCC_OPTIMIZATION_LEVEL = 0;
				GCC_PREPROCESSOR_DEFINITIONS = (
					"DEBUG=1",
					"$(inherited)",
				);
				GCC_WARN_64_TO_32_BIT_CONVERSION = YES;
				GCC_WARN_ABOUT_RETURN_TYPE = YES_ERROR;
				GCC_WARN_UNDECLARED_SELECTOR = YES;
				GCC_WARN_UNINITIALIZED_AUTOS = YES_AGGRESSIVE;
				GCC_WARN_UNUSED_FUNCTION = YES;
				GCC_WARN_UNUSED_VARIABLE = YES;
				IPHONEOS_DEPLOYMENT_TARGET = 10.0;
				MTL_ENABLE_DEBUG_INFO = YES;
				ONLY_ACTIVE_ARCH = YES;
				SDKROOT = iphoneos;
				SWIFT_ACTIVE_COMPILATION_CONDITIONS = DEBUG;
				SWIFT_OPTIMIZATION_LEVEL = "-Onone";
				TARGETED_DEVICE_FAMILY = "1,2";
			};
			name = Debug;
		};
		8677CC951D9378E000347001 /* Release */ = {
			isa = XCBuildConfiguration;
			buildSettings = {
				ALWAYS_SEARCH_USER_PATHS = NO;
				CLANG_ANALYZER_NONNULL = YES;
				CLANG_CXX_LANGUAGE_STANDARD = "gnu++0x";
				CLANG_CXX_LIBRARY = "libc++";
				CLANG_ENABLE_MODULES = YES;
				CLANG_ENABLE_OBJC_ARC = YES;
				CLANG_WARN_BOOL_CONVERSION = YES;
				CLANG_WARN_CONSTANT_CONVERSION = YES;
				CLANG_WARN_DIRECT_OBJC_ISA_USAGE = YES_ERROR;
				CLANG_WARN_DOCUMENTATION_COMMENTS = YES;
				CLANG_WARN_EMPTY_BODY = YES;
				CLANG_WARN_ENUM_CONVERSION = YES;
				CLANG_WARN_INFINITE_RECURSION = YES;
				CLANG_WARN_INT_CONVERSION = YES;
				CLANG_WARN_OBJC_ROOT_CLASS = YES_ERROR;
				CLANG_WARN_SUSPICIOUS_MOVES = YES;
				CLANG_WARN_UNREACHABLE_CODE = YES;
				CLANG_WARN__DUPLICATE_METHOD_MATCH = YES;
				"CODE_SIGN_IDENTITY[sdk=iphoneos*]" = "iPhone Developer";
				COPY_PHASE_STRIP = NO;
				DEBUG_INFORMATION_FORMAT = "dwarf-with-dsym";
				ENABLE_NS_ASSERTIONS = NO;
				ENABLE_STRICT_OBJC_MSGSEND = YES;
				GCC_C_LANGUAGE_STANDARD = gnu99;
				GCC_NO_COMMON_BLOCKS = YES;
				GCC_WARN_64_TO_32_BIT_CONVERSION = YES;
				GCC_WARN_ABOUT_RETURN_TYPE = YES_ERROR;
				GCC_WARN_UNDECLARED_SELECTOR = YES;
				GCC_WARN_UNINITIALIZED_AUTOS = YES_AGGRESSIVE;
				GCC_WARN_UNUSED_FUNCTION = YES;
				GCC_WARN_UNUSED_VARIABLE = YES;
				IPHONEOS_DEPLOYMENT_TARGET = 10.0;
				MTL_ENABLE_DEBUG_INFO = NO;
				SDKROOT = iphoneos;
				SWIFT_OPTIMIZATION_LEVEL = "-Owholemodule";
				TARGETED_DEVICE_FAMILY = "1,2";
				VALIDATE_PRODUCT = YES;
			};
			name = Release;
		};
		8677CC971D9378E000347001 /* Debug */ = {
			isa = XCBuildConfiguration;
			buildSettings = {
				ASSETCATALOG_COMPILER_APPICON_NAME = AppIcon;
				DEVELOPMENT_TEAM = E4CD6YW9A8;
				INFOPLIST_FILE = TipCalculator03/Info.plist;
				LD_RUNPATH_SEARCH_PATHS = "$(inherited) @executable_path/Frameworks";
				PRODUCT_BUNDLE_IDENTIFIER = JairoAvalos.TipCalculator03;
				PRODUCT_NAME = "$(TARGET_NAME)";
				SWIFT_VERSION = 3.0;
			};
			name = Debug;
		};
		8677CC981D9378E000347001 /* Release */ = {
			isa = XCBuildConfiguration;
			buildSettings = {
				ASSETCATALOG_COMPILER_APPICON_NAME = AppIcon;
				DEVELOPMENT_TEAM = E4CD6YW9A8;
				INFOPLIST_FILE = TipCalculator03/Info.plist;
				LD_RUNPATH_SEARCH_PATHS = "$(inherited) @executable_path/Frameworks";
				PRODUCT_BUNDLE_IDENTIFIER = JairoAvalos.TipCalculator03;
				PRODUCT_NAME = "$(TARGET_NAME)";
				SWIFT_VERSION = 3.0;
			};
			name = Release;
		};
/* End XCBuildConfiguration section */

/* Begin XCConfigurationList section */
		8677CC7F1D9378DF00347001 /* Build configuration list for PBXProject "TipCalculator03" */ = {
			isa = XCConfigurationList;
			buildConfigurations = (
				8677CC941D9378E000347001 /* Debug */,
				8677CC951D9378E000347001 /* Release */,
			);
			defaultConfigurationIsVisible = 0;
			defaultConfigurationName = Release;
		};
		8677CC961D9378E000347001 /* Build configuration list for PBXNativeTarget "TipCalculator03" */ = {
			isa = XCConfigurationList;
			buildConfigurations = (
				8677CC971D9378E000347001 /* Debug */,
				8677CC981D9378E000347001 /* Release */,
			);
			defaultConfigurationIsVisible = 0;
		};
/* End XCConfigurationList section */
	};
	rootObject = 8677CC7C1D9378DF00347001 /* Project object */;
}
